
Microsoft Visual Studio Solution File, Format Version 12.00
# Visual Studio Version 16
VisualStudioVersion = 16.0.30128.74
MinimumVisualStudioVersion = 10.0.40219.1
Project("{9A19103F-16F7-4668-BE54-9A1E7A4F7556}") = "Cdy.Spider.Common", "Common\Cdy.Spider.Common\Cdy.Spider.Common.csproj", "{2FB1F976-DCC8-42E0-BE3F-6300307724C4}"
EndProject
Project("{2150E333-8FDC-42A3-9474-1A3956D46DE8}") = "Common", "Common", "{00CB9EFC-90E7-4555-B068-F434943241C6}"
EndProject
Project("{2150E333-8FDC-42A3-9474-1A3956D46DE8}") = "Develop", "Develop", "{A65432DA-5927-478E-8F2C-CD211FFA37F9}"
EndProject
Project("{2150E333-8FDC-42A3-9474-1A3956D46DE8}") = "Run", "Run", "{07B74F9B-1241-4F72-B1CF-088FCA014248}"
EndProject
Project("{9A19103F-16F7-4668-BE54-9A1E7A4F7556}") = "InSpiderRun", "Run\InSpiderRun\InSpiderRun.csproj", "{591DEFBB-3712-491F-9A38-D3689AC39F38}"
EndProject
Project("{9A19103F-16F7-4668-BE54-9A1E7A4F7556}") = "InSpiderDevelopWindow", "Develop\InSpiderDevelopWindow\InSpiderDevelopWindow.csproj", "{F30A9B99-8B0A-413F-A192-19034567CA90}"
EndProject
Project("{2150E333-8FDC-42A3-9474-1A3956D46DE8}") = "Drivers", "Drivers", "{E2F1A3EC-4BBF-4D2E-B3DA-263E0FA4164A}"
EndProject
Project("{9A19103F-16F7-4668-BE54-9A1E7A4F7556}") = "Cdy.Spider.MQTTServer", "Run\Driver\Cdy.Spider.MQTTServer\Cdy.Spider.MQTTServer.csproj", "{A0E40BA1-B797-4331-A882-1A7F770BE54F}"
EndProject
Project("{9A19103F-16F7-4668-BE54-9A1E7A4F7556}") = "Cdy.Spider.MQTTClient", "Run\Driver\Cdy.Spider.MQTTClient\Cdy.Spider.MQTTClient.csproj", "{17E8AFA0-F27F-4C2B-B826-D4B1A4417E40}"
EndProject
Project("{9A19103F-16F7-4668-BE54-9A1E7A4F7556}") = "Cdy.Spider.OpcClient", "Run\Driver\Cdy.Spider.OpcClient\Cdy.Spider.OpcClient.csproj", "{9510605E-7C0F-43FB-BF81-D921FE7BC5E4}"
EndProject
Project("{9A19103F-16F7-4668-BE54-9A1E7A4F7556}") = "SpiderRuntime", "SpiderRuntime\SpiderRuntime.csproj", "{A71688FC-A48F-467F-AB8E-35A06CE8D1F2}"
EndProject
Project("{2150E333-8FDC-42A3-9474-1A3956D46DE8}") = "API", "API", "{8FC96F2E-A4E1-485E-BE86-774865C6C37B}"
EndProject
Project("{9A19103F-16F7-4668-BE54-9A1E7A4F7556}") = "Cdy.Api.Mars", "Run\API\Cdy.Api.Mars\Cdy.Api.Mars.csproj", "{7A832A8B-2360-487D-ADBB-5A7E1B9C2396}"
EndProject
Project("{9A19103F-16F7-4668-BE54-9A1E7A4F7556}") = "InSpiderDevelop", "Develop\InSpiderDevelop\InSpiderDevelop.csproj", "{1A12EAAF-9975-4750-873A-F0F458ABC852}"
EndProject
Project("{9A19103F-16F7-4668-BE54-9A1E7A4F7556}") = "Cdy.Api.Mars.Develop", "Develop\Api\Cdy.Api.Mars.Develop\Cdy.Api.Mars.Develop.csproj", "{D9845AC0-AA17-4BF4-8050-5500A3E8E926}"
EndProject
Project("{2150E333-8FDC-42A3-9474-1A3956D46DE8}") = "Api", "Api", "{59C072B0-0327-4483-8AA6-E90AADCF9546}"
EndProject
Project("{9A19103F-16F7-4668-BE54-9A1E7A4F7556}") = "Cdy.Spider.DevelopCommon", "Common\Cdy.Spider.DevelopCommon\Cdy.Spider.DevelopCommon.csproj", "{442E5AE8-4D01-4E3A-B242-5125B31FCD2E}"
EndProject
Project("{2150E333-8FDC-42A3-9474-1A3956D46DE8}") = "Drivers", "Drivers", "{AD24B2A3-9440-45D2-971D-D806942C5B4A}"
EndProject
Project("{9A19103F-16F7-4668-BE54-9A1E7A4F7556}") = "Cdy.Spider.MQTTClient.Develop", "Develop\Drivers\Cdy.Spider.MQTTClient.Develop\Cdy.Spider.MQTTClient.Develop.csproj", "{55ED0518-E3D7-444E-9431-11F051CD1FEF}"
EndProject
Project("{9A19103F-16F7-4668-BE54-9A1E7A4F7556}") = "Cdy.Spider.SystemDriver", "Run\Driver\Cdy.Spider.SystemDriver\Cdy.Spider.SystemDriver.csproj", "{4B2D53A1-5EA6-436E-A1BF-D1664C427287}"
EndProject
Project("{9A19103F-16F7-4668-BE54-9A1E7A4F7556}") = "Cdy.Spider.SystemDriver.Develop", "Develop\Drivers\Cdy.Spider.SystemDriver.Develop\Cdy.Spider.SystemDriver.Develop.csproj", "{917BF9E3-7188-4179-B321-E9D976864C7C}"
EndProject
Project("{9A19103F-16F7-4668-BE54-9A1E7A4F7556}") = "Cdy.Spider.MQTTServer.Develop", "Develop\Drivers\Cdy.Spider.MQTTServer.Develop\Cdy.Spider.MQTTServer.Develop.csproj", "{95AF5E21-8F4A-49A0-83A1-56A9F58B3018}"
EndProject
Project("{FAE04EC0-301F-11D3-BF4B-00C04F79EFBC}") = "Cdy.Spider.OpcDriver", "Run\Driver\Cdy.Spider.OpcDriver\Cdy.Spider.OpcDriver.csproj", "{6993576C-D2A6-4A02-BAB6-A48573427039}"
EndProject
Project("{FAE04EC0-301F-11D3-BF4B-00C04F79EFBC}") = "Cdy.Spider.OpcDriver.Develop", "Develop\Drivers\Cdy.Spider.OpcDriver.Develop\Cdy.Spider.OpcDriver.Develop.csproj", "{E674CF76-5D70-4271-B408-FC3BDD1B91C6}"
EndProject
Project("{FAE04EC0-301F-11D3-BF4B-00C04F79EFBC}") = "Cdy.Spider.OpcUA.Develop", "Develop\Drivers\Cdy.Spider.OpcUA.Develop\Cdy.Spider.OpcUA.Develop.csproj", "{6BA81678-B872-46E0-BABC-10CF749C1F97}"
EndProject
Global
	GlobalSection(SolutionConfigurationPlatforms) = preSolution
		Debug|Any CPU = Debug|Any CPU
		Release|Any CPU = Release|Any CPU
	EndGlobalSection
	GlobalSection(ProjectConfigurationPlatforms) = postSolution
		{2FB1F976-DCC8-42E0-BE3F-6300307724C4}.Debug|Any CPU.ActiveCfg = Debug|Any CPU
		{2FB1F976-DCC8-42E0-BE3F-6300307724C4}.Debug|Any CPU.Build.0 = Debug|Any CPU
		{2FB1F976-DCC8-42E0-BE3F-6300307724C4}.Release|Any CPU.ActiveCfg = Release|Any CPU
		{2FB1F976-DCC8-42E0-BE3F-6300307724C4}.Release|Any CPU.Build.0 = Release|Any CPU
		{591DEFBB-3712-491F-9A38-D3689AC39F38}.Debug|Any CPU.ActiveCfg = Debug|Any CPU
		{591DEFBB-3712-491F-9A38-D3689AC39F38}.Debug|Any CPU.Build.0 = Debug|Any CPU
		{591DEFBB-3712-491F-9A38-D3689AC39F38}.Release|Any CPU.ActiveCfg = Release|Any CPU
		{591DEFBB-3712-491F-9A38-D3689AC39F38}.Release|Any CPU.Build.0 = Release|Any CPU
		{F30A9B99-8B0A-413F-A192-19034567CA90}.Debug|Any CPU.ActiveCfg = Debug|Any CPU
		{F30A9B99-8B0A-413F-A192-19034567CA90}.Debug|Any CPU.Build.0 = Debug|Any CPU
		{F30A9B99-8B0A-413F-A192-19034567CA90}.Release|Any CPU.ActiveCfg = Release|Any CPU
		{F30A9B99-8B0A-413F-A192-19034567CA90}.Release|Any CPU.Build.0 = Release|Any CPU
		{A0E40BA1-B797-4331-A882-1A7F770BE54F}.Debug|Any CPU.ActiveCfg = Debug|Any CPU
		{A0E40BA1-B797-4331-A882-1A7F770BE54F}.Debug|Any CPU.Build.0 = Debug|Any CPU
		{A0E40BA1-B797-4331-A882-1A7F770BE54F}.Release|Any CPU.ActiveCfg = Release|Any CPU
		{A0E40BA1-B797-4331-A882-1A7F770BE54F}.Release|Any CPU.Build.0 = Release|Any CPU
		{17E8AFA0-F27F-4C2B-B826-D4B1A4417E40}.Debug|Any CPU.ActiveCfg = Debug|Any CPU
		{17E8AFA0-F27F-4C2B-B826-D4B1A4417E40}.Debug|Any CPU.Build.0 = Debug|Any CPU
		{17E8AFA0-F27F-4C2B-B826-D4B1A4417E40}.Release|Any CPU.ActiveCfg = Release|Any CPU
		{17E8AFA0-F27F-4C2B-B826-D4B1A4417E40}.Release|Any CPU.Build.0 = Release|Any CPU
		{9510605E-7C0F-43FB-BF81-D921FE7BC5E4}.Debug|Any CPU.ActiveCfg = Debug|Any CPU
		{9510605E-7C0F-43FB-BF81-D921FE7BC5E4}.Debug|Any CPU.Build.0 = Debug|Any CPU
		{9510605E-7C0F-43FB-BF81-D921FE7BC5E4}.Release|Any CPU.ActiveCfg = Release|Any CPU
		{9510605E-7C0F-43FB-BF81-D921FE7BC5E4}.Release|Any CPU.Build.0 = Release|Any CPU
		{A71688FC-A48F-467F-AB8E-35A06CE8D1F2}.Debug|Any CPU.ActiveCfg = Debug|Any CPU
		{A71688FC-A48F-467F-AB8E-35A06CE8D1F2}.Debug|Any CPU.Build.0 = Debug|Any CPU
		{A71688FC-A48F-467F-AB8E-35A06CE8D1F2}.Release|Any CPU.ActiveCfg = Release|Any CPU
		{A71688FC-A48F-467F-AB8E-35A06CE8D1F2}.Release|Any CPU.Build.0 = Release|Any CPU
		{7A832A8B-2360-487D-ADBB-5A7E1B9C2396}.Debug|Any CPU.ActiveCfg = Debug|Any CPU
		{7A832A8B-2360-487D-ADBB-5A7E1B9C2396}.Debug|Any CPU.Build.0 = Debug|Any CPU
		{7A832A8B-2360-487D-ADBB-5A7E1B9C2396}.Release|Any CPU.ActiveCfg = Release|Any CPU
		{7A832A8B-2360-487D-ADBB-5A7E1B9C2396}.Release|Any CPU.Build.0 = Release|Any CPU
		{1A12EAAF-9975-4750-873A-F0F458ABC852}.Debug|Any CPU.ActiveCfg = Debug|Any CPU
		{1A12EAAF-9975-4750-873A-F0F458ABC852}.Debug|Any CPU.Build.0 = Debug|Any CPU
		{1A12EAAF-9975-4750-873A-F0F458ABC852}.Release|Any CPU.ActiveCfg = Release|Any CPU
		{1A12EAAF-9975-4750-873A-F0F458ABC852}.Release|Any CPU.Build.0 = Release|Any CPU
		{D9845AC0-AA17-4BF4-8050-5500A3E8E926}.Debug|Any CPU.ActiveCfg = Debug|Any CPU
		{D9845AC0-AA17-4BF4-8050-5500A3E8E926}.Debug|Any CPU.Build.0 = Debug|Any CPU
		{D9845AC0-AA17-4BF4-8050-5500A3E8E926}.Release|Any CPU.ActiveCfg = Release|Any CPU
		{D9845AC0-AA17-4BF4-8050-5500A3E8E926}.Release|Any CPU.Build.0 = Release|Any CPU
		{442E5AE8-4D01-4E3A-B242-5125B31FCD2E}.Debug|Any CPU.ActiveCfg = Debug|Any CPU
		{442E5AE8-4D01-4E3A-B242-5125B31FCD2E}.Debug|Any CPU.Build.0 = Debug|Any CPU
		{442E5AE8-4D01-4E3A-B242-5125B31FCD2E}.Release|Any CPU.ActiveCfg = Release|Any CPU
		{442E5AE8-4D01-4E3A-B242-5125B31FCD2E}.Release|Any CPU.Build.0 = Release|Any CPU
		{55ED0518-E3D7-444E-9431-11F051CD1FEF}.Debug|Any CPU.ActiveCfg = Debug|Any CPU
		{55ED0518-E3D7-444E-9431-11F051CD1FEF}.Debug|Any CPU.Build.0 = Debug|Any CPU
		{55ED0518-E3D7-444E-9431-11F051CD1FEF}.Release|Any CPU.ActiveCfg = Release|Any CPU
		{55ED0518-E3D7-444E-9431-11F051CD1FEF}.Release|Any CPU.Build.0 = Release|Any CPU
		{4B2D53A1-5EA6-436E-A1BF-D1664C427287}.Debug|Any CPU.ActiveCfg = Debug|Any CPU
		{4B2D53A1-5EA6-436E-A1BF-D1664C427287}.Debug|Any CPU.Build.0 = Debug|Any CPU
		{4B2D53A1-5EA6-436E-A1BF-D1664C427287}.Release|Any CPU.ActiveCfg = Release|Any CPU
		{4B2D53A1-5EA6-436E-A1BF-D1664C427287}.Release|Any CPU.Build.0 = Release|Any CPU
		{917BF9E3-7188-4179-B321-E9D976864C7C}.Debug|Any CPU.ActiveCfg = Debug|Any CPU
		{917BF9E3-7188-4179-B321-E9D976864C7C}.Debug|Any CPU.Build.0 = Debug|Any CPU
		{917BF9E3-7188-4179-B321-E9D976864C7C}.Release|Any CPU.ActiveCfg = Release|Any CPU
		{917BF9E3-7188-4179-B321-E9D976864C7C}.Release|Any CPU.Build.0 = Release|Any CPU
		{95AF5E21-8F4A-49A0-83A1-56A9F58B3018}.Debug|Any CPU.ActiveCfg = Debug|Any CPU
		{95AF5E21-8F4A-49A0-83A1-56A9F58B3018}.Debug|Any CPU.Build.0 = Debug|Any CPU
		{95AF5E21-8F4A-49A0-83A1-56A9F58B3018}.Release|Any CPU.ActiveCfg = Release|Any CPU
		{95AF5E21-8F4A-49A0-83A1-56A9F58B3018}.Release|Any CPU.Build.0 = Release|Any CPU
		{6993576C-D2A6-4A02-BAB6-A48573427039}.Debug|Any CPU.ActiveCfg = Debug|Any CPU
		{6993576C-D2A6-4A02-BAB6-A48573427039}.Debug|Any CPU.Build.0 = Debug|Any CPU
		{6993576C-D2A6-4A02-BAB6-A48573427039}.Release|Any CPU.ActiveCfg = Release|Any CPU
		{6993576C-D2A6-4A02-BAB6-A48573427039}.Release|Any CPU.Build.0 = Release|Any CPU
		{E674CF76-5D70-4271-B408-FC3BDD1B91C6}.Debug|Any CPU.ActiveCfg = Debug|Any CPU
		{E674CF76-5D70-4271-B408-FC3BDD1B91C6}.Debug|Any CPU.Build.0 = Debug|Any CPU
		{E674CF76-5D70-4271-B408-FC3BDD1B91C6}.Release|Any CPU.ActiveCfg = Release|Any CPU
		{E674CF76-5D70-4271-B408-FC3BDD1B91C6}.Release|Any CPU.Build.0 = Release|Any CPU
		{6BA81678-B872-46E0-BABC-10CF749C1F97}.Debug|Any CPU.ActiveCfg = Debug|Any CPU
		{6BA81678-B872-46E0-BABC-10CF749C1F97}.Debug|Any CPU.Build.0 = Debug|Any CPU
		{6BA81678-B872-46E0-BABC-10CF749C1F97}.Release|Any CPU.ActiveCfg = Release|Any CPU
		{6BA81678-B872-46E0-BABC-10CF749C1F97}.Release|Any CPU.Build.0 = Release|Any CPU
	EndGlobalSection
	GlobalSection(SolutionProperties) = preSolution
		HideSolutionNode = FALSE
	EndGlobalSection
	GlobalSection(NestedProjects) = preSolution
		{2FB1F976-DCC8-42E0-BE3F-6300307724C4} = {00CB9EFC-90E7-4555-B068-F434943241C6}
		{591DEFBB-3712-491F-9A38-D3689AC39F38} = {07B74F9B-1241-4F72-B1CF-088FCA014248}
		{F30A9B99-8B0A-413F-A192-19034567CA90} = {A65432DA-5927-478E-8F2C-CD211FFA37F9}
		{E2F1A3EC-4BBF-4D2E-B3DA-263E0FA4164A} = {07B74F9B-1241-4F72-B1CF-088FCA014248}
		{A0E40BA1-B797-4331-A882-1A7F770BE54F} = {E2F1A3EC-4BBF-4D2E-B3DA-263E0FA4164A}
		{17E8AFA0-F27F-4C2B-B826-D4B1A4417E40} = {E2F1A3EC-4BBF-4D2E-B3DA-263E0FA4164A}
		{9510605E-7C0F-43FB-BF81-D921FE7BC5E4} = {E2F1A3EC-4BBF-4D2E-B3DA-263E0FA4164A}
		{A71688FC-A48F-467F-AB8E-35A06CE8D1F2} = {07B74F9B-1241-4F72-B1CF-088FCA014248}
		{8FC96F2E-A4E1-485E-BE86-774865C6C37B} = {07B74F9B-1241-4F72-B1CF-088FCA014248}
		{7A832A8B-2360-487D-ADBB-5A7E1B9C2396} = {8FC96F2E-A4E1-485E-BE86-774865C6C37B}
		{1A12EAAF-9975-4750-873A-F0F458ABC852} = {A65432DA-5927-478E-8F2C-CD211FFA37F9}
		{D9845AC0-AA17-4BF4-8050-5500A3E8E926} = {59C072B0-0327-4483-8AA6-E90AADCF9546}
		{59C072B0-0327-4483-8AA6-E90AADCF9546} = {A65432DA-5927-478E-8F2C-CD211FFA37F9}
		{442E5AE8-4D01-4E3A-B242-5125B31FCD2E} = {00CB9EFC-90E7-4555-B068-F434943241C6}
		{AD24B2A3-9440-45D2-971D-D806942C5B4A} = {A65432DA-5927-478E-8F2C-CD211FFA37F9}
		{55ED0518-E3D7-444E-9431-11F051CD1FEF} = {AD24B2A3-9440-45D2-971D-D806942C5B4A}
		{4B2D53A1-5EA6-436E-A1BF-D1664C427287} = {E2F1A3EC-4BBF-4D2E-B3DA-263E0FA4164A}
		{917BF9E3-7188-4179-B321-E9D976864C7C} = {AD24B2A3-9440-45D2-971D-D806942C5B4A}
		{95AF5E21-8F4A-49A0-83A1-56A9F58B3018} = {AD24B2A3-9440-45D2-971D-D806942C5B4A}
		{6993576C-D2A6-4A02-BAB6-A48573427039} = {E2F1A3EC-4BBF-4D2E-B3DA-263E0FA4164A}
		{E674CF76-5D70-4271-B408-FC3BDD1B91C6} = {AD24B2A3-9440-45D2-971D-D806942C5B4A}
		{6BA81678-B872-46E0-BABC-10CF749C1F97} = {AD24B2A3-9440-45D2-971D-D806942C5B4A}
	EndGlobalSection
	GlobalSection(ExtensibilityGlobals) = postSolution
		SolutionGuid = {C1B7A1A5-5460-4168-810B-9F125E7B4977}
	EndGlobalSection
EndGlobal
