
Microsoft Visual Studio Solution File, Format Version 12.00
# Visual Studio Version 16
VisualStudioVersion = 16.0.30128.74
MinimumVisualStudioVersion = 10.0.40219.1
Project("{9A19103F-16F7-4668-BE54-9A1E7A4F7556}") = "Cdy.Spider.Common", "Common\Cdy.Spider.Common\Cdy.Spider.Common.csproj", "{2FB1F976-DCC8-42E0-BE3F-6300307724C4}"
EndProject
Project("{2150E333-8FDC-42A3-9474-1A3956D46DE8}") = "Common", "Common", "{00CB9EFC-90E7-4555-B068-F434943241C6}"
EndProject
Project("{2150E333-8FDC-42A3-9474-1A3956D46DE8}") = "Develop", "Develop", "{A65432DA-5927-478E-8F2C-CD211FFA37F9}"
EndProject
Project("{2150E333-8FDC-42A3-9474-1A3956D46DE8}") = "Run", "Run", "{07B74F9B-1241-4F72-B1CF-088FCA014248}"
EndProject
Project("{9A19103F-16F7-4668-BE54-9A1E7A4F7556}") = "InSpiderRun", "Run\InSpiderRun\InSpiderRun.csproj", "{591DEFBB-3712-491F-9A38-D3689AC39F38}"
EndProject
Project("{9A19103F-16F7-4668-BE54-9A1E7A4F7556}") = "InSpiderDevelopWindow", "Develop\InSpiderDevelopWindow\InSpiderDevelopWindow.csproj", "{F30A9B99-8B0A-413F-A192-19034567CA90}"
EndProject
Project("{2150E333-8FDC-42A3-9474-1A3956D46DE8}") = "Drivers", "Drivers", "{E2F1A3EC-4BBF-4D2E-B3DA-263E0FA4164A}"
EndProject
Project("{9A19103F-16F7-4668-BE54-9A1E7A4F7556}") = "Cdy.Spider.MQTTServer", "Run\Driver\Cdy.Spider.MQTTServer\Cdy.Spider.MQTTServer.csproj", "{A0E40BA1-B797-4331-A882-1A7F770BE54F}"
EndProject
Project("{9A19103F-16F7-4668-BE54-9A1E7A4F7556}") = "Cdy.Spider.MQTTClient", "Run\Driver\Cdy.Spider.MQTTClient\Cdy.Spider.MQTTClient.csproj", "{17E8AFA0-F27F-4C2B-B826-D4B1A4417E40}"
EndProject
Project("{9A19103F-16F7-4668-BE54-9A1E7A4F7556}") = "Cdy.Spider.OpcClient", "Run\Driver\Cdy.Spider.OpcClient\Cdy.Spider.OpcClient.csproj", "{9510605E-7C0F-43FB-BF81-D921FE7BC5E4}"
EndProject
Project("{9A19103F-16F7-4668-BE54-9A1E7A4F7556}") = "SpiderRuntime", "SpiderRuntime\SpiderRuntime.csproj", "{A71688FC-A48F-467F-AB8E-35A06CE8D1F2}"
EndProject
Project("{2150E333-8FDC-42A3-9474-1A3956D46DE8}") = "API", "API", "{8FC96F2E-A4E1-485E-BE86-774865C6C37B}"
EndProject
Project("{9A19103F-16F7-4668-BE54-9A1E7A4F7556}") = "Cdy.Api.Mars", "Run\API\Cdy.Api.Mars\Cdy.Api.Mars.csproj", "{7A832A8B-2360-487D-ADBB-5A7E1B9C2396}"
EndProject
Project("{9A19103F-16F7-4668-BE54-9A1E7A4F7556}") = "InSpiderDevelop", "Develop\InSpiderDevelop\InSpiderDevelop.csproj", "{1A12EAAF-9975-4750-873A-F0F458ABC852}"
EndProject
Project("{9A19103F-16F7-4668-BE54-9A1E7A4F7556}") = "Cdy.Api.Mars.Develop", "Develop\Api\Cdy.Api.Mars.Develop\Cdy.Api.Mars.Develop.csproj", "{D9845AC0-AA17-4BF4-8050-5500A3E8E926}"
EndProject
Project("{2150E333-8FDC-42A3-9474-1A3956D46DE8}") = "Api", "Api", "{59C072B0-0327-4483-8AA6-E90AADCF9546}"
EndProject
Project("{9A19103F-16F7-4668-BE54-9A1E7A4F7556}") = "Cdy.Spider.DevelopCommon", "Common\Cdy.Spider.DevelopCommon\Cdy.Spider.DevelopCommon.csproj", "{442E5AE8-4D01-4E3A-B242-5125B31FCD2E}"
EndProject
Project("{2150E333-8FDC-42A3-9474-1A3956D46DE8}") = "Drivers", "Drivers", "{AD24B2A3-9440-45D2-971D-D806942C5B4A}"
EndProject
Project("{9A19103F-16F7-4668-BE54-9A1E7A4F7556}") = "Cdy.Spider.MQTTClient.Develop", "Develop\Drivers\Cdy.Spider.MQTTClient.Develop\Cdy.Spider.MQTTClient.Develop.csproj", "{55ED0518-E3D7-444E-9431-11F051CD1FEF}"
EndProject
Project("{9A19103F-16F7-4668-BE54-9A1E7A4F7556}") = "Cdy.Spider.SystemDriver", "Run\Driver\Cdy.Spider.SystemDriver\Cdy.Spider.SystemDriver.csproj", "{4B2D53A1-5EA6-436E-A1BF-D1664C427287}"
EndProject
Project("{9A19103F-16F7-4668-BE54-9A1E7A4F7556}") = "Cdy.Spider.SystemDriver.Develop", "Develop\Drivers\Cdy.Spider.SystemDriver.Develop\Cdy.Spider.SystemDriver.Develop.csproj", "{917BF9E3-7188-4179-B321-E9D976864C7C}"
EndProject
Project("{9A19103F-16F7-4668-BE54-9A1E7A4F7556}") = "Cdy.Spider.MQTTServer.Develop", "Develop\Drivers\Cdy.Spider.MQTTServer.Develop\Cdy.Spider.MQTTServer.Develop.csproj", "{95AF5E21-8F4A-49A0-83A1-56A9F58B3018}"
EndProject
Project("{9A19103F-16F7-4668-BE54-9A1E7A4F7556}") = "Cdy.Spider.OpcDriver", "Run\Driver\Cdy.Spider.OpcDriver\Cdy.Spider.OpcDriver.csproj", "{6993576C-D2A6-4A02-BAB6-A48573427039}"
EndProject
Project("{9A19103F-16F7-4668-BE54-9A1E7A4F7556}") = "Cdy.Spider.OpcDriver.Develop", "Develop\Drivers\Cdy.Spider.OpcDriver.Develop\Cdy.Spider.OpcDriver.Develop.csproj", "{E674CF76-5D70-4271-B408-FC3BDD1B91C6}"
EndProject
Project("{9A19103F-16F7-4668-BE54-9A1E7A4F7556}") = "Cdy.Spider.OpcUA.Develop", "Develop\Drivers\Cdy.Spider.OpcUA.Develop\Cdy.Spider.OpcUA.Develop.csproj", "{6BA81678-B872-46E0-BABC-10CF749C1F97}"
EndProject
Project("{9A19103F-16F7-4668-BE54-9A1E7A4F7556}") = "Cdy.Spider.TcpClient", "Run\Driver\Cdy.Spider.TcpClient\Cdy.Spider.TcpClient.csproj", "{D200131B-AF15-4B8A-A1B2-FC50F1EFB8D7}"
EndProject
Project("{9A19103F-16F7-4668-BE54-9A1E7A4F7556}") = "Cdy.Spider.ModbusDriver", "Run\Driver\Cdy.Spider.ModbusDriver\Cdy.Spider.ModbusDriver.csproj", "{EACEBE9B-08CC-42E2-87C0-C9C58624DB64}"
EndProject
Project("{9A19103F-16F7-4668-BE54-9A1E7A4F7556}") = "Cdy.Spider.UdpClient", "Run\Driver\Cdy.Spider.UdpClient\Cdy.Spider.UdpClient.csproj", "{CFD7858C-F8B8-42E5-BCE1-38EFF116ACFF}"
EndProject
Project("{9A19103F-16F7-4668-BE54-9A1E7A4F7556}") = "Cdy.Spider.SerisePortClient", "Run\Driver\Cdy.Spider.SerisePortClient\Cdy.Spider.SerisePortClient.csproj", "{B718A02D-7DE3-4AD2-A53B-8017B79C19B9}"
EndProject
Project("{9A19103F-16F7-4668-BE54-9A1E7A4F7556}") = "Cdy.Spider.TcpClient.Develop", "Develop\Drivers\Cdy.Spider.TcpClient.Develop\Cdy.Spider.TcpClient.Develop.csproj", "{3B4193F1-5CC1-4D70-B281-97258DE55547}"
EndProject
Project("{9A19103F-16F7-4668-BE54-9A1E7A4F7556}") = "Cdy.Spider.UdpClient.Develop", "Develop\Drivers\Cdy.Spider.UdpClient.Develop\Cdy.Spider.UdpClient.Develop.csproj", "{61A111C8-76CD-4625-9CEF-D3BE9AA83907}"
EndProject
Project("{9A19103F-16F7-4668-BE54-9A1E7A4F7556}") = "Cdy.Spider.SerisePortClient.Develop", "Develop\Drivers\Cdy.Spider.SerisePortClient.Develop\Cdy.Spider.SerisePortClient.Develop.csproj", "{CD41D8D2-741C-4CE2-A5BD-75A37E18A500}"
EndProject
Project("{9A19103F-16F7-4668-BE54-9A1E7A4F7556}") = "Cdy.Spider.ModbusDriver.Develop", "Develop\Drivers\Cdy.Spider.ModbusDriver.Develop\Cdy.Spider.ModbusDriver.Develop.csproj", "{C8842128-A394-4478-B823-5CBCB324F567}"
EndProject
Project("{9A19103F-16F7-4668-BE54-9A1E7A4F7556}") = "Cdy.Spider.CoapServer", "Run\Driver\Cdy.Spider.CoapServer\Cdy.Spider.CoapServer.csproj", "{5D560B39-A0C1-4427-9586-2B6CD9F1E399}"
EndProject
Project("{9A19103F-16F7-4668-BE54-9A1E7A4F7556}") = "Cdy.Spider.CoapClient", "Run\Driver\Cdy.Spider.CoapClient\Cdy.Spider.CoapClient.csproj", "{9BD207F1-320D-423B-8DF6-BF53DF00780B}"
EndProject
Project("{2150E333-8FDC-42A3-9474-1A3956D46DE8}") = "Channel", "Channel", "{D513F97D-8C3F-459E-B12E-C49B3F07175A}"
EndProject
Project("{9A19103F-16F7-4668-BE54-9A1E7A4F7556}") = "Cdy.Spider.WebApiClient", "Run\Driver\Cdy.Spider.WebApiClient\Cdy.Spider.WebApiClient.csproj", "{ED0FE47B-DF75-4D9D-A33F-C88B850A1E7C}"
EndProject
Project("{9A19103F-16F7-4668-BE54-9A1E7A4F7556}") = "Cdy.Spider.WebApiServer", "Run\Driver\Cdy.Spider.WebApiServer\Cdy.Spider.WebApiServer.csproj", "{07719503-D136-4623-8716-7EBE70EB0FDA}"
EndProject
Project("{2150E333-8FDC-42A3-9474-1A3956D46DE8}") = "Channel", "Channel", "{CD918E22-A45C-48FC-890E-21E8F3FAB73B}"
EndProject
Project("{9A19103F-16F7-4668-BE54-9A1E7A4F7556}") = "Cdy.Spider.CoapClient.Develop", "Develop\Drivers\Cdy.Spider.CoapClient.Develop\Cdy.Spider.CoapClient.Develop.csproj", "{37BD9BAE-F175-4F08-96C4-C6118DFBEA5A}"
EndProject
Project("{9A19103F-16F7-4668-BE54-9A1E7A4F7556}") = "Cdy.Spider.CoapServer.Develop", "Develop\Drivers\Cdy.Spider.CoapServer.Develop\Cdy.Spider.CoapServer.Develop.csproj", "{ADC67137-AEF7-4688-9847-05AEE39C8BDE}"
EndProject
Project("{9A19103F-16F7-4668-BE54-9A1E7A4F7556}") = "Cdy.Spider.WebApiClient.Develop", "Develop\Drivers\Cdy.Spider.WebApiClient.Develop\Cdy.Spider.WebApiClient.Develop.csproj", "{7C6EC872-5414-4925-873E-2F4F5C69284F}"
EndProject
Project("{9A19103F-16F7-4668-BE54-9A1E7A4F7556}") = "Cdy.Spider.WebApiServer.Develop", "Develop\Drivers\Cdy.Spider.WebApiServer.Develop\Cdy.Spider.WebApiServer.Develop.csproj", "{76E3846B-5EE7-4588-92D1-63DB382037AF}"
EndProject
Project("{9A19103F-16F7-4668-BE54-9A1E7A4F7556}") = "Cdy.Api.SpiderMqtt", "Run\API\Cdy.Api.SpiderMqtt\Cdy.Api.SpiderMqtt.csproj", "{AD58E259-7D89-451E-8FD4-CBD49F274A89}"
EndProject
Project("{2150E333-8FDC-42A3-9474-1A3956D46DE8}") = "Link", "Link", "{607012A0-98C8-4925-B541-466C329F7907}"
EndProject
Project("{9A19103F-16F7-4668-BE54-9A1E7A4F7556}") = "Cdy.Link.Mqtt", "Run\Link\Cdy.Link.Mqtt\Cdy.Link.Mqtt.csproj", "{BCC8F5BF-3081-4756-8015-6EEB94E4E493}"
EndProject
Project("{9A19103F-16F7-4668-BE54-9A1E7A4F7556}") = "Cdy.Spider.LinkDriver", "Run\Driver\Cdy.Spider.LinkDriver\Cdy.Spider.LinkDriver.csproj", "{8580A531-C72E-4185-936C-DC48FCE92529}"
EndProject
Project("{9A19103F-16F7-4668-BE54-9A1E7A4F7556}") = "Cdy.Spider.LinkDriver.Develop", "Develop\Drivers\Cdy.Spider.LinkDriver.Develop\Cdy.Spider.LinkDriver.Develop.csproj", "{DB93FC94-219C-44E4-B8DB-D786143F0FF8}"
EndProject
Project("{9A19103F-16F7-4668-BE54-9A1E7A4F7556}") = "Cdy.Api.SpiderMqtt.Develop", "Develop\Api\Cdy.Api.SpiderMqtt.Develop\Cdy.Api.SpiderMqtt.Develop.csproj", "{2BEE47DE-7A31-4E2D-A538-1D39509656EB}"
EndProject
Project("{2150E333-8FDC-42A3-9474-1A3956D46DE8}") = "Link", "Link", "{F8ABB3AC-E511-4FAF-B898-E21285F37CDA}"
EndProject
Project("{9A19103F-16F7-4668-BE54-9A1E7A4F7556}") = "Cdy.Link.Mqtt.Develop", "Develop\Link\Cdy.Link.Mqtt.Develop\Cdy.Link.Mqtt.Develop.csproj", "{785EE4F9-46AE-49C1-9F49-47E33783C4AF}"
EndProject
Project("{9A19103F-16F7-4668-BE54-9A1E7A4F7556}") = "Cdy.Link.Tcp", "Run\Link\Cdy.Link.Tcp\Cdy.Link.Tcp.csproj", "{675ACC08-8C7C-4C1B-8B97-BA4A15311C3E}"
EndProject
Project("{9A19103F-16F7-4668-BE54-9A1E7A4F7556}") = "Cdy.Api.SpiderTcp", "Run\API\Cdy.Api.SpiderTcp\Cdy.Api.SpiderTcp.csproj", "{DB008E61-CCA0-4145-9ADF-A92A4524FD7A}"
EndProject
Project("{9A19103F-16F7-4668-BE54-9A1E7A4F7556}") = "Cdy.Link.Tcp.Develop", "Develop\Link\Cdy.Link.Tcp.Develop\Cdy.Link.Tcp.Develop.csproj", "{D72983CE-D220-4018-8C07-5ACB1D7D88AD}"
EndProject
Project("{9A19103F-16F7-4668-BE54-9A1E7A4F7556}") = "Cdy.Api.SpiderTcp.Develop", "Develop\Api\Cdy.Api.SpiderTcp.Develop\Cdy.Api.SpiderTcp.Develop.csproj", "{D418F9F3-EEA8-4BE3-8765-523D06C7C48C}"
EndProject
Project("{9A19103F-16F7-4668-BE54-9A1E7A4F7556}") = "Cdy.Spider.CalculateDriver", "Run\Driver\Cdy.Spider.CalculateDriver\Cdy.Spider.CalculateDriver.csproj", "{D3977994-24A0-42BF-83E4-25E22A746817}"
EndProject
Project("{9A19103F-16F7-4668-BE54-9A1E7A4F7556}") = "Cdy.Spider.CalculateDriver.Develop", "Develop\Drivers\Cdy.Spider.CalculateDriver.Develop\Cdy.Spider.CalculateDriver.Develop.csproj", "{26B2B040-A120-4E51-BC6F-2701D6EFB089}"
EndProject
Project("{9A19103F-16F7-4668-BE54-9A1E7A4F7556}") = "Cdy.Spider.CalculateExpressEditor", "Develop\Drivers\Cdy.Spider.CalculateExpressEditor\Cdy.Spider.CalculateExpressEditor.csproj", "{A27B9940-CE4E-4A46-8ACB-B2B50A3E7732}"
EndProject
Project("{9A19103F-16F7-4668-BE54-9A1E7A4F7556}") = "RoslynPad.Roslyn", "Develop\Drivers\RoslynPad.Roslyn\RoslynPad.Roslyn.csproj", "{29DFDFA6-371C-4E83-A706-261BFFB20269}"
EndProject
Project("{9A19103F-16F7-4668-BE54-9A1E7A4F7556}") = "Cdy.Spider.CustomDriver", "Run\Driver\Cdy.Spider.CustomDriver\Cdy.Spider.CustomDriver.csproj", "{493D66A7-57F0-4604-8853-3117955C010B}"
EndProject
Project("{9A19103F-16F7-4668-BE54-9A1E7A4F7556}") = "Cdy.Spider.CustomDriver.Develop", "Develop\Drivers\Cdy.Spider.CustomDriver.Develop\Cdy.Spider.CustomDriver.Develop.csproj", "{C4982F90-0AE2-4DBA-B3E9-D23A25CB1938}"
EndProject
Project("{9A19103F-16F7-4668-BE54-9A1E7A4F7556}") = "ICSharpCode.AvalonEdit", "Develop\Drivers\ICSharpCode.AvalonEdit\ICSharpCode.AvalonEdit.csproj", "{CD71F202-0916-4163-BBAE-A341EF85FC62}"
EndProject
Global
	GlobalSection(SolutionConfigurationPlatforms) = preSolution
		Debug|Any CPU = Debug|Any CPU
		Release|Any CPU = Release|Any CPU
	EndGlobalSection
	GlobalSection(ProjectConfigurationPlatforms) = postSolution
		{2FB1F976-DCC8-42E0-BE3F-6300307724C4}.Debug|Any CPU.ActiveCfg = Debug|Any CPU
		{2FB1F976-DCC8-42E0-BE3F-6300307724C4}.Debug|Any CPU.Build.0 = Debug|Any CPU
		{2FB1F976-DCC8-42E0-BE3F-6300307724C4}.Release|Any CPU.ActiveCfg = Release|Any CPU
		{2FB1F976-DCC8-42E0-BE3F-6300307724C4}.Release|Any CPU.Build.0 = Release|Any CPU
		{591DEFBB-3712-491F-9A38-D3689AC39F38}.Debug|Any CPU.ActiveCfg = Debug|Any CPU
		{591DEFBB-3712-491F-9A38-D3689AC39F38}.Debug|Any CPU.Build.0 = Debug|Any CPU
		{591DEFBB-3712-491F-9A38-D3689AC39F38}.Release|Any CPU.ActiveCfg = Release|Any CPU
		{591DEFBB-3712-491F-9A38-D3689AC39F38}.Release|Any CPU.Build.0 = Release|Any CPU
		{F30A9B99-8B0A-413F-A192-19034567CA90}.Debug|Any CPU.ActiveCfg = Debug|Any CPU
		{F30A9B99-8B0A-413F-A192-19034567CA90}.Debug|Any CPU.Build.0 = Debug|Any CPU
		{F30A9B99-8B0A-413F-A192-19034567CA90}.Release|Any CPU.ActiveCfg = Release|Any CPU
		{F30A9B99-8B0A-413F-A192-19034567CA90}.Release|Any CPU.Build.0 = Release|Any CPU
		{A0E40BA1-B797-4331-A882-1A7F770BE54F}.Debug|Any CPU.ActiveCfg = Debug|Any CPU
		{A0E40BA1-B797-4331-A882-1A7F770BE54F}.Debug|Any CPU.Build.0 = Debug|Any CPU
		{A0E40BA1-B797-4331-A882-1A7F770BE54F}.Release|Any CPU.ActiveCfg = Release|Any CPU
		{A0E40BA1-B797-4331-A882-1A7F770BE54F}.Release|Any CPU.Build.0 = Release|Any CPU
		{17E8AFA0-F27F-4C2B-B826-D4B1A4417E40}.Debug|Any CPU.ActiveCfg = Debug|Any CPU
		{17E8AFA0-F27F-4C2B-B826-D4B1A4417E40}.Debug|Any CPU.Build.0 = Debug|Any CPU
		{17E8AFA0-F27F-4C2B-B826-D4B1A4417E40}.Release|Any CPU.ActiveCfg = Release|Any CPU
		{17E8AFA0-F27F-4C2B-B826-D4B1A4417E40}.Release|Any CPU.Build.0 = Release|Any CPU
		{9510605E-7C0F-43FB-BF81-D921FE7BC5E4}.Debug|Any CPU.ActiveCfg = Debug|Any CPU
		{9510605E-7C0F-43FB-BF81-D921FE7BC5E4}.Debug|Any CPU.Build.0 = Debug|Any CPU
		{9510605E-7C0F-43FB-BF81-D921FE7BC5E4}.Release|Any CPU.ActiveCfg = Release|Any CPU
		{9510605E-7C0F-43FB-BF81-D921FE7BC5E4}.Release|Any CPU.Build.0 = Release|Any CPU
		{A71688FC-A48F-467F-AB8E-35A06CE8D1F2}.Debug|Any CPU.ActiveCfg = Debug|Any CPU
		{A71688FC-A48F-467F-AB8E-35A06CE8D1F2}.Debug|Any CPU.Build.0 = Debug|Any CPU
		{A71688FC-A48F-467F-AB8E-35A06CE8D1F2}.Release|Any CPU.ActiveCfg = Release|Any CPU
		{A71688FC-A48F-467F-AB8E-35A06CE8D1F2}.Release|Any CPU.Build.0 = Release|Any CPU
		{7A832A8B-2360-487D-ADBB-5A7E1B9C2396}.Debug|Any CPU.ActiveCfg = Debug|Any CPU
		{7A832A8B-2360-487D-ADBB-5A7E1B9C2396}.Debug|Any CPU.Build.0 = Debug|Any CPU
		{7A832A8B-2360-487D-ADBB-5A7E1B9C2396}.Release|Any CPU.ActiveCfg = Release|Any CPU
		{7A832A8B-2360-487D-ADBB-5A7E1B9C2396}.Release|Any CPU.Build.0 = Release|Any CPU
		{1A12EAAF-9975-4750-873A-F0F458ABC852}.Debug|Any CPU.ActiveCfg = Debug|Any CPU
		{1A12EAAF-9975-4750-873A-F0F458ABC852}.Debug|Any CPU.Build.0 = Debug|Any CPU
		{1A12EAAF-9975-4750-873A-F0F458ABC852}.Release|Any CPU.ActiveCfg = Release|Any CPU
		{1A12EAAF-9975-4750-873A-F0F458ABC852}.Release|Any CPU.Build.0 = Release|Any CPU
		{D9845AC0-AA17-4BF4-8050-5500A3E8E926}.Debug|Any CPU.ActiveCfg = Debug|Any CPU
		{D9845AC0-AA17-4BF4-8050-5500A3E8E926}.Debug|Any CPU.Build.0 = Debug|Any CPU
		{D9845AC0-AA17-4BF4-8050-5500A3E8E926}.Release|Any CPU.ActiveCfg = Release|Any CPU
		{D9845AC0-AA17-4BF4-8050-5500A3E8E926}.Release|Any CPU.Build.0 = Release|Any CPU
		{442E5AE8-4D01-4E3A-B242-5125B31FCD2E}.Debug|Any CPU.ActiveCfg = Debug|Any CPU
		{442E5AE8-4D01-4E3A-B242-5125B31FCD2E}.Debug|Any CPU.Build.0 = Debug|Any CPU
		{442E5AE8-4D01-4E3A-B242-5125B31FCD2E}.Release|Any CPU.ActiveCfg = Release|Any CPU
		{442E5AE8-4D01-4E3A-B242-5125B31FCD2E}.Release|Any CPU.Build.0 = Release|Any CPU
		{55ED0518-E3D7-444E-9431-11F051CD1FEF}.Debug|Any CPU.ActiveCfg = Debug|Any CPU
		{55ED0518-E3D7-444E-9431-11F051CD1FEF}.Debug|Any CPU.Build.0 = Debug|Any CPU
		{55ED0518-E3D7-444E-9431-11F051CD1FEF}.Release|Any CPU.ActiveCfg = Release|Any CPU
		{55ED0518-E3D7-444E-9431-11F051CD1FEF}.Release|Any CPU.Build.0 = Release|Any CPU
		{4B2D53A1-5EA6-436E-A1BF-D1664C427287}.Debug|Any CPU.ActiveCfg = Debug|Any CPU
		{4B2D53A1-5EA6-436E-A1BF-D1664C427287}.Debug|Any CPU.Build.0 = Debug|Any CPU
		{4B2D53A1-5EA6-436E-A1BF-D1664C427287}.Release|Any CPU.ActiveCfg = Release|Any CPU
		{4B2D53A1-5EA6-436E-A1BF-D1664C427287}.Release|Any CPU.Build.0 = Release|Any CPU
		{917BF9E3-7188-4179-B321-E9D976864C7C}.Debug|Any CPU.ActiveCfg = Debug|Any CPU
		{917BF9E3-7188-4179-B321-E9D976864C7C}.Debug|Any CPU.Build.0 = Debug|Any CPU
		{917BF9E3-7188-4179-B321-E9D976864C7C}.Release|Any CPU.ActiveCfg = Release|Any CPU
		{917BF9E3-7188-4179-B321-E9D976864C7C}.Release|Any CPU.Build.0 = Release|Any CPU
		{95AF5E21-8F4A-49A0-83A1-56A9F58B3018}.Debug|Any CPU.ActiveCfg = Debug|Any CPU
		{95AF5E21-8F4A-49A0-83A1-56A9F58B3018}.Debug|Any CPU.Build.0 = Debug|Any CPU
		{95AF5E21-8F4A-49A0-83A1-56A9F58B3018}.Release|Any CPU.ActiveCfg = Release|Any CPU
		{95AF5E21-8F4A-49A0-83A1-56A9F58B3018}.Release|Any CPU.Build.0 = Release|Any CPU
		{6993576C-D2A6-4A02-BAB6-A48573427039}.Debug|Any CPU.ActiveCfg = Debug|Any CPU
		{6993576C-D2A6-4A02-BAB6-A48573427039}.Debug|Any CPU.Build.0 = Debug|Any CPU
		{6993576C-D2A6-4A02-BAB6-A48573427039}.Release|Any CPU.ActiveCfg = Release|Any CPU
		{6993576C-D2A6-4A02-BAB6-A48573427039}.Release|Any CPU.Build.0 = Release|Any CPU
		{E674CF76-5D70-4271-B408-FC3BDD1B91C6}.Debug|Any CPU.ActiveCfg = Debug|Any CPU
		{E674CF76-5D70-4271-B408-FC3BDD1B91C6}.Debug|Any CPU.Build.0 = Debug|Any CPU
		{E674CF76-5D70-4271-B408-FC3BDD1B91C6}.Release|Any CPU.ActiveCfg = Release|Any CPU
		{E674CF76-5D70-4271-B408-FC3BDD1B91C6}.Release|Any CPU.Build.0 = Release|Any CPU
		{6BA81678-B872-46E0-BABC-10CF749C1F97}.Debug|Any CPU.ActiveCfg = Debug|Any CPU
		{6BA81678-B872-46E0-BABC-10CF749C1F97}.Debug|Any CPU.Build.0 = Debug|Any CPU
		{6BA81678-B872-46E0-BABC-10CF749C1F97}.Release|Any CPU.ActiveCfg = Release|Any CPU
		{6BA81678-B872-46E0-BABC-10CF749C1F97}.Release|Any CPU.Build.0 = Release|Any CPU
		{D200131B-AF15-4B8A-A1B2-FC50F1EFB8D7}.Debug|Any CPU.ActiveCfg = Debug|Any CPU
		{D200131B-AF15-4B8A-A1B2-FC50F1EFB8D7}.Debug|Any CPU.Build.0 = Debug|Any CPU
		{D200131B-AF15-4B8A-A1B2-FC50F1EFB8D7}.Release|Any CPU.ActiveCfg = Release|Any CPU
		{D200131B-AF15-4B8A-A1B2-FC50F1EFB8D7}.Release|Any CPU.Build.0 = Release|Any CPU
		{EACEBE9B-08CC-42E2-87C0-C9C58624DB64}.Debug|Any CPU.ActiveCfg = Debug|Any CPU
		{EACEBE9B-08CC-42E2-87C0-C9C58624DB64}.Debug|Any CPU.Build.0 = Debug|Any CPU
		{EACEBE9B-08CC-42E2-87C0-C9C58624DB64}.Release|Any CPU.ActiveCfg = Release|Any CPU
		{EACEBE9B-08CC-42E2-87C0-C9C58624DB64}.Release|Any CPU.Build.0 = Release|Any CPU
		{CFD7858C-F8B8-42E5-BCE1-38EFF116ACFF}.Debug|Any CPU.ActiveCfg = Debug|Any CPU
		{CFD7858C-F8B8-42E5-BCE1-38EFF116ACFF}.Debug|Any CPU.Build.0 = Debug|Any CPU
		{CFD7858C-F8B8-42E5-BCE1-38EFF116ACFF}.Release|Any CPU.ActiveCfg = Release|Any CPU
		{CFD7858C-F8B8-42E5-BCE1-38EFF116ACFF}.Release|Any CPU.Build.0 = Release|Any CPU
		{B718A02D-7DE3-4AD2-A53B-8017B79C19B9}.Debug|Any CPU.ActiveCfg = Debug|Any CPU
		{B718A02D-7DE3-4AD2-A53B-8017B79C19B9}.Debug|Any CPU.Build.0 = Debug|Any CPU
		{B718A02D-7DE3-4AD2-A53B-8017B79C19B9}.Release|Any CPU.ActiveCfg = Release|Any CPU
		{B718A02D-7DE3-4AD2-A53B-8017B79C19B9}.Release|Any CPU.Build.0 = Release|Any CPU
		{3B4193F1-5CC1-4D70-B281-97258DE55547}.Debug|Any CPU.ActiveCfg = Debug|Any CPU
		{3B4193F1-5CC1-4D70-B281-97258DE55547}.Debug|Any CPU.Build.0 = Debug|Any CPU
		{3B4193F1-5CC1-4D70-B281-97258DE55547}.Release|Any CPU.ActiveCfg = Release|Any CPU
		{3B4193F1-5CC1-4D70-B281-97258DE55547}.Release|Any CPU.Build.0 = Release|Any CPU
		{61A111C8-76CD-4625-9CEF-D3BE9AA83907}.Debug|Any CPU.ActiveCfg = Debug|Any CPU
		{61A111C8-76CD-4625-9CEF-D3BE9AA83907}.Debug|Any CPU.Build.0 = Debug|Any CPU
		{61A111C8-76CD-4625-9CEF-D3BE9AA83907}.Release|Any CPU.ActiveCfg = Release|Any CPU
		{61A111C8-76CD-4625-9CEF-D3BE9AA83907}.Release|Any CPU.Build.0 = Release|Any CPU
		{CD41D8D2-741C-4CE2-A5BD-75A37E18A500}.Debug|Any CPU.ActiveCfg = Debug|Any CPU
		{CD41D8D2-741C-4CE2-A5BD-75A37E18A500}.Debug|Any CPU.Build.0 = Debug|Any CPU
		{CD41D8D2-741C-4CE2-A5BD-75A37E18A500}.Release|Any CPU.ActiveCfg = Release|Any CPU
		{CD41D8D2-741C-4CE2-A5BD-75A37E18A500}.Release|Any CPU.Build.0 = Release|Any CPU
		{C8842128-A394-4478-B823-5CBCB324F567}.Debug|Any CPU.ActiveCfg = Debug|Any CPU
		{C8842128-A394-4478-B823-5CBCB324F567}.Debug|Any CPU.Build.0 = Debug|Any CPU
		{C8842128-A394-4478-B823-5CBCB324F567}.Release|Any CPU.ActiveCfg = Release|Any CPU
		{C8842128-A394-4478-B823-5CBCB324F567}.Release|Any CPU.Build.0 = Release|Any CPU
		{5D560B39-A0C1-4427-9586-2B6CD9F1E399}.Debug|Any CPU.ActiveCfg = Debug|Any CPU
		{5D560B39-A0C1-4427-9586-2B6CD9F1E399}.Debug|Any CPU.Build.0 = Debug|Any CPU
		{5D560B39-A0C1-4427-9586-2B6CD9F1E399}.Release|Any CPU.ActiveCfg = Release|Any CPU
		{5D560B39-A0C1-4427-9586-2B6CD9F1E399}.Release|Any CPU.Build.0 = Release|Any CPU
		{9BD207F1-320D-423B-8DF6-BF53DF00780B}.Debug|Any CPU.ActiveCfg = Debug|Any CPU
		{9BD207F1-320D-423B-8DF6-BF53DF00780B}.Debug|Any CPU.Build.0 = Debug|Any CPU
		{9BD207F1-320D-423B-8DF6-BF53DF00780B}.Release|Any CPU.ActiveCfg = Release|Any CPU
		{9BD207F1-320D-423B-8DF6-BF53DF00780B}.Release|Any CPU.Build.0 = Release|Any CPU
		{ED0FE47B-DF75-4D9D-A33F-C88B850A1E7C}.Debug|Any CPU.ActiveCfg = Debug|Any CPU
		{ED0FE47B-DF75-4D9D-A33F-C88B850A1E7C}.Debug|Any CPU.Build.0 = Debug|Any CPU
		{ED0FE47B-DF75-4D9D-A33F-C88B850A1E7C}.Release|Any CPU.ActiveCfg = Release|Any CPU
		{ED0FE47B-DF75-4D9D-A33F-C88B850A1E7C}.Release|Any CPU.Build.0 = Release|Any CPU
		{07719503-D136-4623-8716-7EBE70EB0FDA}.Debug|Any CPU.ActiveCfg = Debug|Any CPU
		{07719503-D136-4623-8716-7EBE70EB0FDA}.Debug|Any CPU.Build.0 = Debug|Any CPU
		{07719503-D136-4623-8716-7EBE70EB0FDA}.Release|Any CPU.ActiveCfg = Release|Any CPU
		{07719503-D136-4623-8716-7EBE70EB0FDA}.Release|Any CPU.Build.0 = Release|Any CPU
		{37BD9BAE-F175-4F08-96C4-C6118DFBEA5A}.Debug|Any CPU.ActiveCfg = Debug|Any CPU
		{37BD9BAE-F175-4F08-96C4-C6118DFBEA5A}.Debug|Any CPU.Build.0 = Debug|Any CPU
		{37BD9BAE-F175-4F08-96C4-C6118DFBEA5A}.Release|Any CPU.ActiveCfg = Release|Any CPU
		{37BD9BAE-F175-4F08-96C4-C6118DFBEA5A}.Release|Any CPU.Build.0 = Release|Any CPU
		{ADC67137-AEF7-4688-9847-05AEE39C8BDE}.Debug|Any CPU.ActiveCfg = Debug|Any CPU
		{ADC67137-AEF7-4688-9847-05AEE39C8BDE}.Debug|Any CPU.Build.0 = Debug|Any CPU
		{ADC67137-AEF7-4688-9847-05AEE39C8BDE}.Release|Any CPU.ActiveCfg = Release|Any CPU
		{ADC67137-AEF7-4688-9847-05AEE39C8BDE}.Release|Any CPU.Build.0 = Release|Any CPU
		{7C6EC872-5414-4925-873E-2F4F5C69284F}.Debug|Any CPU.ActiveCfg = Debug|Any CPU
		{7C6EC872-5414-4925-873E-2F4F5C69284F}.Debug|Any CPU.Build.0 = Debug|Any CPU
		{7C6EC872-5414-4925-873E-2F4F5C69284F}.Release|Any CPU.ActiveCfg = Release|Any CPU
		{7C6EC872-5414-4925-873E-2F4F5C69284F}.Release|Any CPU.Build.0 = Release|Any CPU
		{76E3846B-5EE7-4588-92D1-63DB382037AF}.Debug|Any CPU.ActiveCfg = Debug|Any CPU
		{76E3846B-5EE7-4588-92D1-63DB382037AF}.Debug|Any CPU.Build.0 = Debug|Any CPU
		{76E3846B-5EE7-4588-92D1-63DB382037AF}.Release|Any CPU.ActiveCfg = Release|Any CPU
		{76E3846B-5EE7-4588-92D1-63DB382037AF}.Release|Any CPU.Build.0 = Release|Any CPU
		{AD58E259-7D89-451E-8FD4-CBD49F274A89}.Debug|Any CPU.ActiveCfg = Debug|Any CPU
		{AD58E259-7D89-451E-8FD4-CBD49F274A89}.Debug|Any CPU.Build.0 = Debug|Any CPU
		{AD58E259-7D89-451E-8FD4-CBD49F274A89}.Release|Any CPU.ActiveCfg = Release|Any CPU
		{AD58E259-7D89-451E-8FD4-CBD49F274A89}.Release|Any CPU.Build.0 = Release|Any CPU
		{BCC8F5BF-3081-4756-8015-6EEB94E4E493}.Debug|Any CPU.ActiveCfg = Debug|Any CPU
		{BCC8F5BF-3081-4756-8015-6EEB94E4E493}.Debug|Any CPU.Build.0 = Debug|Any CPU
		{BCC8F5BF-3081-4756-8015-6EEB94E4E493}.Release|Any CPU.ActiveCfg = Release|Any CPU
		{BCC8F5BF-3081-4756-8015-6EEB94E4E493}.Release|Any CPU.Build.0 = Release|Any CPU
		{8580A531-C72E-4185-936C-DC48FCE92529}.Debug|Any CPU.ActiveCfg = Debug|Any CPU
		{8580A531-C72E-4185-936C-DC48FCE92529}.Debug|Any CPU.Build.0 = Debug|Any CPU
		{8580A531-C72E-4185-936C-DC48FCE92529}.Release|Any CPU.ActiveCfg = Release|Any CPU
		{8580A531-C72E-4185-936C-DC48FCE92529}.Release|Any CPU.Build.0 = Release|Any CPU
		{DB93FC94-219C-44E4-B8DB-D786143F0FF8}.Debug|Any CPU.ActiveCfg = Debug|Any CPU
		{DB93FC94-219C-44E4-B8DB-D786143F0FF8}.Debug|Any CPU.Build.0 = Debug|Any CPU
		{DB93FC94-219C-44E4-B8DB-D786143F0FF8}.Release|Any CPU.ActiveCfg = Release|Any CPU
		{DB93FC94-219C-44E4-B8DB-D786143F0FF8}.Release|Any CPU.Build.0 = Release|Any CPU
		{2BEE47DE-7A31-4E2D-A538-1D39509656EB}.Debug|Any CPU.ActiveCfg = Debug|Any CPU
		{2BEE47DE-7A31-4E2D-A538-1D39509656EB}.Debug|Any CPU.Build.0 = Debug|Any CPU
		{2BEE47DE-7A31-4E2D-A538-1D39509656EB}.Release|Any CPU.ActiveCfg = Release|Any CPU
		{2BEE47DE-7A31-4E2D-A538-1D39509656EB}.Release|Any CPU.Build.0 = Release|Any CPU
		{785EE4F9-46AE-49C1-9F49-47E33783C4AF}.Debug|Any CPU.ActiveCfg = Debug|Any CPU
		{785EE4F9-46AE-49C1-9F49-47E33783C4AF}.Debug|Any CPU.Build.0 = Debug|Any CPU
		{785EE4F9-46AE-49C1-9F49-47E33783C4AF}.Release|Any CPU.ActiveCfg = Release|Any CPU
		{785EE4F9-46AE-49C1-9F49-47E33783C4AF}.Release|Any CPU.Build.0 = Release|Any CPU
		{675ACC08-8C7C-4C1B-8B97-BA4A15311C3E}.Debug|Any CPU.ActiveCfg = Debug|Any CPU
		{675ACC08-8C7C-4C1B-8B97-BA4A15311C3E}.Debug|Any CPU.Build.0 = Debug|Any CPU
		{675ACC08-8C7C-4C1B-8B97-BA4A15311C3E}.Release|Any CPU.ActiveCfg = Release|Any CPU
		{675ACC08-8C7C-4C1B-8B97-BA4A15311C3E}.Release|Any CPU.Build.0 = Release|Any CPU
		{DB008E61-CCA0-4145-9ADF-A92A4524FD7A}.Debug|Any CPU.ActiveCfg = Debug|Any CPU
		{DB008E61-CCA0-4145-9ADF-A92A4524FD7A}.Debug|Any CPU.Build.0 = Debug|Any CPU
		{DB008E61-CCA0-4145-9ADF-A92A4524FD7A}.Release|Any CPU.ActiveCfg = Release|Any CPU
		{DB008E61-CCA0-4145-9ADF-A92A4524FD7A}.Release|Any CPU.Build.0 = Release|Any CPU
		{D72983CE-D220-4018-8C07-5ACB1D7D88AD}.Debug|Any CPU.ActiveCfg = Debug|Any CPU
		{D72983CE-D220-4018-8C07-5ACB1D7D88AD}.Debug|Any CPU.Build.0 = Debug|Any CPU
		{D72983CE-D220-4018-8C07-5ACB1D7D88AD}.Release|Any CPU.ActiveCfg = Release|Any CPU
		{D72983CE-D220-4018-8C07-5ACB1D7D88AD}.Release|Any CPU.Build.0 = Release|Any CPU
		{D418F9F3-EEA8-4BE3-8765-523D06C7C48C}.Debug|Any CPU.ActiveCfg = Debug|Any CPU
		{D418F9F3-EEA8-4BE3-8765-523D06C7C48C}.Debug|Any CPU.Build.0 = Debug|Any CPU
		{D418F9F3-EEA8-4BE3-8765-523D06C7C48C}.Release|Any CPU.ActiveCfg = Release|Any CPU
		{D418F9F3-EEA8-4BE3-8765-523D06C7C48C}.Release|Any CPU.Build.0 = Release|Any CPU
		{D3977994-24A0-42BF-83E4-25E22A746817}.Debug|Any CPU.ActiveCfg = Debug|Any CPU
		{D3977994-24A0-42BF-83E4-25E22A746817}.Debug|Any CPU.Build.0 = Debug|Any CPU
		{D3977994-24A0-42BF-83E4-25E22A746817}.Release|Any CPU.ActiveCfg = Release|Any CPU
		{D3977994-24A0-42BF-83E4-25E22A746817}.Release|Any CPU.Build.0 = Release|Any CPU
		{26B2B040-A120-4E51-BC6F-2701D6EFB089}.Debug|Any CPU.ActiveCfg = Debug|Any CPU
		{26B2B040-A120-4E51-BC6F-2701D6EFB089}.Debug|Any CPU.Build.0 = Debug|Any CPU
		{26B2B040-A120-4E51-BC6F-2701D6EFB089}.Release|Any CPU.ActiveCfg = Release|Any CPU
		{26B2B040-A120-4E51-BC6F-2701D6EFB089}.Release|Any CPU.Build.0 = Release|Any CPU
		{A27B9940-CE4E-4A46-8ACB-B2B50A3E7732}.Debug|Any CPU.ActiveCfg = Debug|Any CPU
		{A27B9940-CE4E-4A46-8ACB-B2B50A3E7732}.Debug|Any CPU.Build.0 = Debug|Any CPU
		{A27B9940-CE4E-4A46-8ACB-B2B50A3E7732}.Release|Any CPU.ActiveCfg = Release|Any CPU
		{A27B9940-CE4E-4A46-8ACB-B2B50A3E7732}.Release|Any CPU.Build.0 = Release|Any CPU
		{29DFDFA6-371C-4E83-A706-261BFFB20269}.Debug|Any CPU.ActiveCfg = Debug|Any CPU
		{29DFDFA6-371C-4E83-A706-261BFFB20269}.Debug|Any CPU.Build.0 = Debug|Any CPU
		{29DFDFA6-371C-4E83-A706-261BFFB20269}.Release|Any CPU.ActiveCfg = Release|Any CPU
		{29DFDFA6-371C-4E83-A706-261BFFB20269}.Release|Any CPU.Build.0 = Release|Any CPU
		{493D66A7-57F0-4604-8853-3117955C010B}.Debug|Any CPU.ActiveCfg = Debug|Any CPU
		{493D66A7-57F0-4604-8853-3117955C010B}.Debug|Any CPU.Build.0 = Debug|Any CPU
		{493D66A7-57F0-4604-8853-3117955C010B}.Release|Any CPU.ActiveCfg = Release|Any CPU
		{493D66A7-57F0-4604-8853-3117955C010B}.Release|Any CPU.Build.0 = Release|Any CPU
		{C4982F90-0AE2-4DBA-B3E9-D23A25CB1938}.Debug|Any CPU.ActiveCfg = Debug|Any CPU
		{C4982F90-0AE2-4DBA-B3E9-D23A25CB1938}.Debug|Any CPU.Build.0 = Debug|Any CPU
		{C4982F90-0AE2-4DBA-B3E9-D23A25CB1938}.Release|Any CPU.ActiveCfg = Release|Any CPU
		{C4982F90-0AE2-4DBA-B3E9-D23A25CB1938}.Release|Any CPU.Build.0 = Release|Any CPU
		{CD71F202-0916-4163-BBAE-A341EF85FC62}.Debug|Any CPU.ActiveCfg = Debug|Any CPU
		{CD71F202-0916-4163-BBAE-A341EF85FC62}.Debug|Any CPU.Build.0 = Debug|Any CPU
		{CD71F202-0916-4163-BBAE-A341EF85FC62}.Release|Any CPU.ActiveCfg = Release|Any CPU
		{CD71F202-0916-4163-BBAE-A341EF85FC62}.Release|Any CPU.Build.0 = Release|Any CPU
	EndGlobalSection
	GlobalSection(SolutionProperties) = preSolution
		HideSolutionNode = FALSE
	EndGlobalSection
	GlobalSection(NestedProjects) = preSolution
		{2FB1F976-DCC8-42E0-BE3F-6300307724C4} = {00CB9EFC-90E7-4555-B068-F434943241C6}
		{591DEFBB-3712-491F-9A38-D3689AC39F38} = {07B74F9B-1241-4F72-B1CF-088FCA014248}
		{F30A9B99-8B0A-413F-A192-19034567CA90} = {A65432DA-5927-478E-8F2C-CD211FFA37F9}
		{E2F1A3EC-4BBF-4D2E-B3DA-263E0FA4164A} = {07B74F9B-1241-4F72-B1CF-088FCA014248}
		{A0E40BA1-B797-4331-A882-1A7F770BE54F} = {D513F97D-8C3F-459E-B12E-C49B3F07175A}
		{17E8AFA0-F27F-4C2B-B826-D4B1A4417E40} = {D513F97D-8C3F-459E-B12E-C49B3F07175A}
		{9510605E-7C0F-43FB-BF81-D921FE7BC5E4} = {D513F97D-8C3F-459E-B12E-C49B3F07175A}
		{A71688FC-A48F-467F-AB8E-35A06CE8D1F2} = {07B74F9B-1241-4F72-B1CF-088FCA014248}
		{8FC96F2E-A4E1-485E-BE86-774865C6C37B} = {07B74F9B-1241-4F72-B1CF-088FCA014248}
		{7A832A8B-2360-487D-ADBB-5A7E1B9C2396} = {8FC96F2E-A4E1-485E-BE86-774865C6C37B}
		{1A12EAAF-9975-4750-873A-F0F458ABC852} = {A65432DA-5927-478E-8F2C-CD211FFA37F9}
		{D9845AC0-AA17-4BF4-8050-5500A3E8E926} = {59C072B0-0327-4483-8AA6-E90AADCF9546}
		{59C072B0-0327-4483-8AA6-E90AADCF9546} = {A65432DA-5927-478E-8F2C-CD211FFA37F9}
		{442E5AE8-4D01-4E3A-B242-5125B31FCD2E} = {00CB9EFC-90E7-4555-B068-F434943241C6}
		{AD24B2A3-9440-45D2-971D-D806942C5B4A} = {A65432DA-5927-478E-8F2C-CD211FFA37F9}
		{55ED0518-E3D7-444E-9431-11F051CD1FEF} = {CD918E22-A45C-48FC-890E-21E8F3FAB73B}
		{4B2D53A1-5EA6-436E-A1BF-D1664C427287} = {E2F1A3EC-4BBF-4D2E-B3DA-263E0FA4164A}
		{917BF9E3-7188-4179-B321-E9D976864C7C} = {AD24B2A3-9440-45D2-971D-D806942C5B4A}
		{95AF5E21-8F4A-49A0-83A1-56A9F58B3018} = {CD918E22-A45C-48FC-890E-21E8F3FAB73B}
		{6993576C-D2A6-4A02-BAB6-A48573427039} = {E2F1A3EC-4BBF-4D2E-B3DA-263E0FA4164A}
		{E674CF76-5D70-4271-B408-FC3BDD1B91C6} = {AD24B2A3-9440-45D2-971D-D806942C5B4A}
		{6BA81678-B872-46E0-BABC-10CF749C1F97} = {CD918E22-A45C-48FC-890E-21E8F3FAB73B}
		{D200131B-AF15-4B8A-A1B2-FC50F1EFB8D7} = {D513F97D-8C3F-459E-B12E-C49B3F07175A}
		{EACEBE9B-08CC-42E2-87C0-C9C58624DB64} = {E2F1A3EC-4BBF-4D2E-B3DA-263E0FA4164A}
		{CFD7858C-F8B8-42E5-BCE1-38EFF116ACFF} = {D513F97D-8C3F-459E-B12E-C49B3F07175A}
		{B718A02D-7DE3-4AD2-A53B-8017B79C19B9} = {D513F97D-8C3F-459E-B12E-C49B3F07175A}
		{3B4193F1-5CC1-4D70-B281-97258DE55547} = {CD918E22-A45C-48FC-890E-21E8F3FAB73B}
		{61A111C8-76CD-4625-9CEF-D3BE9AA83907} = {CD918E22-A45C-48FC-890E-21E8F3FAB73B}
		{CD41D8D2-741C-4CE2-A5BD-75A37E18A500} = {CD918E22-A45C-48FC-890E-21E8F3FAB73B}
		{C8842128-A394-4478-B823-5CBCB324F567} = {AD24B2A3-9440-45D2-971D-D806942C5B4A}
		{5D560B39-A0C1-4427-9586-2B6CD9F1E399} = {D513F97D-8C3F-459E-B12E-C49B3F07175A}
		{9BD207F1-320D-423B-8DF6-BF53DF00780B} = {D513F97D-8C3F-459E-B12E-C49B3F07175A}
		{D513F97D-8C3F-459E-B12E-C49B3F07175A} = {E2F1A3EC-4BBF-4D2E-B3DA-263E0FA4164A}
		{ED0FE47B-DF75-4D9D-A33F-C88B850A1E7C} = {D513F97D-8C3F-459E-B12E-C49B3F07175A}
		{07719503-D136-4623-8716-7EBE70EB0FDA} = {D513F97D-8C3F-459E-B12E-C49B3F07175A}
		{CD918E22-A45C-48FC-890E-21E8F3FAB73B} = {AD24B2A3-9440-45D2-971D-D806942C5B4A}
		{37BD9BAE-F175-4F08-96C4-C6118DFBEA5A} = {CD918E22-A45C-48FC-890E-21E8F3FAB73B}
		{ADC67137-AEF7-4688-9847-05AEE39C8BDE} = {CD918E22-A45C-48FC-890E-21E8F3FAB73B}
		{7C6EC872-5414-4925-873E-2F4F5C69284F} = {CD918E22-A45C-48FC-890E-21E8F3FAB73B}
		{76E3846B-5EE7-4588-92D1-63DB382037AF} = {CD918E22-A45C-48FC-890E-21E8F3FAB73B}
		{AD58E259-7D89-451E-8FD4-CBD49F274A89} = {8FC96F2E-A4E1-485E-BE86-774865C6C37B}
		{607012A0-98C8-4925-B541-466C329F7907} = {07B74F9B-1241-4F72-B1CF-088FCA014248}
		{BCC8F5BF-3081-4756-8015-6EEB94E4E493} = {607012A0-98C8-4925-B541-466C329F7907}
		{8580A531-C72E-4185-936C-DC48FCE92529} = {D513F97D-8C3F-459E-B12E-C49B3F07175A}
		{DB93FC94-219C-44E4-B8DB-D786143F0FF8} = {AD24B2A3-9440-45D2-971D-D806942C5B4A}
		{2BEE47DE-7A31-4E2D-A538-1D39509656EB} = {59C072B0-0327-4483-8AA6-E90AADCF9546}
		{F8ABB3AC-E511-4FAF-B898-E21285F37CDA} = {A65432DA-5927-478E-8F2C-CD211FFA37F9}
		{785EE4F9-46AE-49C1-9F49-47E33783C4AF} = {F8ABB3AC-E511-4FAF-B898-E21285F37CDA}
		{675ACC08-8C7C-4C1B-8B97-BA4A15311C3E} = {607012A0-98C8-4925-B541-466C329F7907}
		{DB008E61-CCA0-4145-9ADF-A92A4524FD7A} = {8FC96F2E-A4E1-485E-BE86-774865C6C37B}
		{D72983CE-D220-4018-8C07-5ACB1D7D88AD} = {F8ABB3AC-E511-4FAF-B898-E21285F37CDA}
		{D418F9F3-EEA8-4BE3-8765-523D06C7C48C} = {59C072B0-0327-4483-8AA6-E90AADCF9546}
		{D3977994-24A0-42BF-83E4-25E22A746817} = {E2F1A3EC-4BBF-4D2E-B3DA-263E0FA4164A}
		{26B2B040-A120-4E51-BC6F-2701D6EFB089} = {AD24B2A3-9440-45D2-971D-D806942C5B4A}
		{A27B9940-CE4E-4A46-8ACB-B2B50A3E7732} = {AD24B2A3-9440-45D2-971D-D806942C5B4A}
		{29DFDFA6-371C-4E83-A706-261BFFB20269} = {AD24B2A3-9440-45D2-971D-D806942C5B4A}
		{493D66A7-57F0-4604-8853-3117955C010B} = {E2F1A3EC-4BBF-4D2E-B3DA-263E0FA4164A}
		{C4982F90-0AE2-4DBA-B3E9-D23A25CB1938} = {AD24B2A3-9440-45D2-971D-D806942C5B4A}
		{CD71F202-0916-4163-BBAE-A341EF85FC62} = {AD24B2A3-9440-45D2-971D-D806942C5B4A}
	EndGlobalSection
	GlobalSection(ExtensibilityGlobals) = postSolution
		SolutionGuid = {C1B7A1A5-5460-4168-810B-9F125E7B4977}
	EndGlobalSection
EndGlobal
